
Microsoft Visual Studio Solution File, Format Version 12.00
# Visual Studio Version 16
VisualStudioVersion = 16.0.34031.81
MinimumVisualStudioVersion = 10.0.40219.1
Project("{FAE04EC0-301F-11D3-BF4B-00C04F79EFBC}") = "practica 3 arreglos en Csharp", "practica 3 arreglos en Csharp\practica 3 arreglos en Csharp.csproj", "{357B3536-5811-4B9D-8387-58446EAB49F5}"
EndProject
Global
	GlobalSection(SolutionConfigurationPlatforms) = preSolution
		Debug|Any CPU = Debug|Any CPU
		Release|Any CPU = Release|Any CPU
	EndGlobalSection
	GlobalSection(ProjectConfigurationPlatforms) = postSolution
		{357B3536-5811-4B9D-8387-58446EAB49F5}.Debug|Any CPU.ActiveCfg = Debug|Any CPU
		{357B3536-5811-4B9D-8387-58446EAB49F5}.Debug|Any CPU.Build.0 = Debug|Any CPU
		{357B3536-5811-4B9D-8387-58446EAB49F5}.Release|Any CPU.ActiveCfg = Release|Any CPU
		{357B3536-5811-4B9D-8387-58446EAB49F5}.Release|Any CPU.Build.0 = Release|Any CPU
	EndGlobalSection
	GlobalSection(SolutionProperties) = preSolution
		HideSolutionNode = FALSE
	EndGlobalSection
	GlobalSection(ExtensibilityGlobals) = postSolution
		SolutionGuid = {6E5DBC8A-3916-4140-832F-90820AE18341}
	EndGlobalSection
EndGlobal
